
Microsoft Visual Studio Solution File, Format Version 12.00
# Visual Studio Version 17
VisualStudioVersion = 17.8.34511.84
MinimumVisualStudioVersion = 10.0.40219.1
Project("{FAE04EC0-301F-11D3-BF4B-00C04F79EFBC}") = "winUI1", "winUI1\winUI1.csproj", "{9FB98CFE-B90B-4AE9-80CB-E66325FB65EE}"
EndProject
Global
	GlobalSection(SolutionConfigurationPlatforms) = preSolution
		Debug|ARM64 = Debug|ARM64
		Debug|x64 = Debug|x64
		Debug|x86 = Debug|x86
		Release|ARM64 = Release|ARM64
		Release|x64 = Release|x64
		Release|x86 = Release|x86
	EndGlobalSection
	GlobalSection(ProjectConfigurationPlatforms) = postSolution
		{9FB98CFE-B90B-4AE9-80CB-E66325FB65EE}.Debug|ARM64.ActiveCfg = Debug|ARM64
		{9FB98CFE-B90B-4AE9-80CB-E66325FB65EE}.Debug|ARM64.Build.0 = Debug|ARM64
		{9FB98CFE-B90B-4AE9-80CB-E66325FB65EE}.Debug|ARM64.Deploy.0 = Debug|ARM64
		{9FB98CFE-B90B-4AE9-80CB-E66325FB65EE}.Debug|x64.ActiveCfg = Debug|x64
		{9FB98CFE-B90B-4AE9-80CB-E66325FB65EE}.Debug|x64.Build.0 = Debug|x64
		{9FB98CFE-B90B-4AE9-80CB-E66325FB65EE}.Debug|x64.Deploy.0 = Debug|x64
		{9FB98CFE-B90B-4AE9-80CB-E66325FB65EE}.Debug|x86.ActiveCfg = Debug|x86
		{9FB98CFE-B90B-4AE9-80CB-E66325FB65EE}.Debug|x86.Build.0 = Debug|x86
		{9FB98CFE-B90B-4AE9-80CB-E66325FB65EE}.Debug|x86.Deploy.0 = Debug|x86
		{9FB98CFE-B90B-4AE9-80CB-E66325FB65EE}.Release|ARM64.ActiveCfg = Release|ARM64
		{9FB98CFE-B90B-4AE9-80CB-E66325FB65EE}.Release|ARM64.Build.0 = Release|ARM64
		{9FB98CFE-B90B-4AE9-80CB-E66325FB65EE}.Release|ARM64.Deploy.0 = Release|ARM64
		{9FB98CFE-B90B-4AE9-80CB-E66325FB65EE}.Release|x64.ActiveCfg = Release|x64
		{9FB98CFE-B90B-4AE9-80CB-E66325FB65EE}.Release|x64.Build.0 = Release|x64
		{9FB98CFE-B90B-4AE9-80CB-E66325FB65EE}.Release|x64.Deploy.0 = Release|x64
		{9FB98CFE-B90B-4AE9-80CB-E66325FB65EE}.Release|x86.ActiveCfg = Release|x86
		{9FB98CFE-B90B-4AE9-80CB-E66325FB65EE}.Release|x86.Build.0 = Release|x86
		{9FB98CFE-B90B-4AE9-80CB-E66325FB65EE}.Release|x86.Deploy.0 = Release|x86
	EndGlobalSection
	GlobalSection(SolutionProperties) = preSolution
		HideSolutionNode = FALSE
	EndGlobalSection
	GlobalSection(ExtensibilityGlobals) = postSolution
		SolutionGuid = {F4E95918-1690-4073-9372-DC4822ECEE1F}
	EndGlobalSection
EndGlobal
